
Microsoft Visual Studio Solution File, Format Version 12.00
# Visual Studio Version 17
VisualStudioVersion = 17.12.35527.113 d17.12
MinimumVisualStudioVersion = 10.0.40219.1
Project("{FAE04EC0-301F-11D3-BF4B-00C04F79EFBC}") = "Session3EFCoreDemo", "Session3EFCoreDemo\Session3EFCoreDemo.csproj", "{2D71988D-BC85-444D-8EBD-4BDDF1CB2B02}"
EndProject
Project("{FAE04EC0-301F-11D3-BF4B-00C04F79EFBC}") = "InheritanceExample", "InheritanceExample\InheritanceExample.csproj", "{B366CB0F-AE3D-4F82-8668-104402A060A2}"
EndProject
Project("{FAE04EC0-301F-11D3-BF4B-00C04F79EFBC}") = "DB First", "DB First\DB First.csproj", "{73691EAE-4669-427D-9C46-30A0F0E4C058}"
EndProject
Project("{FAE04EC0-301F-11D3-BF4B-00C04F79EFBC}") = "DB First Using EFCore Power Tool", "DB First Using EFCore Power Tool\DB First Using EFCore Power Tool.csproj", "{DA054E07-5DC7-4F72-9586-7AF31A43426C}"
EndProject
Global
	GlobalSection(SolutionConfigurationPlatforms) = preSolution
		Debug|Any CPU = Debug|Any CPU
		Release|Any CPU = Release|Any CPU
	EndGlobalSection
	GlobalSection(ProjectConfigurationPlatforms) = postSolution
		{2D71988D-BC85-444D-8EBD-4BDDF1CB2B02}.Debug|Any CPU.ActiveCfg = Debug|Any CPU
		{2D71988D-BC85-444D-8EBD-4BDDF1CB2B02}.Debug|Any CPU.Build.0 = Debug|Any CPU
		{2D71988D-BC85-444D-8EBD-4BDDF1CB2B02}.Release|Any CPU.ActiveCfg = Release|Any CPU
		{2D71988D-BC85-444D-8EBD-4BDDF1CB2B02}.Release|Any CPU.Build.0 = Release|Any CPU
		{B366CB0F-AE3D-4F82-8668-104402A060A2}.Debug|Any CPU.ActiveCfg = Debug|Any CPU
		{B366CB0F-AE3D-4F82-8668-104402A060A2}.Debug|Any CPU.Build.0 = Debug|Any CPU
		{B366CB0F-AE3D-4F82-8668-104402A060A2}.Release|Any CPU.ActiveCfg = Release|Any CPU
		{B366CB0F-AE3D-4F82-8668-104402A060A2}.Release|Any CPU.Build.0 = Release|Any CPU
		{73691EAE-4669-427D-9C46-30A0F0E4C058}.Debug|Any CPU.ActiveCfg = Debug|Any CPU
		{73691EAE-4669-427D-9C46-30A0F0E4C058}.Debug|Any CPU.Build.0 = Debug|Any CPU
		{73691EAE-4669-427D-9C46-30A0F0E4C058}.Release|Any CPU.ActiveCfg = Release|Any CPU
		{73691EAE-4669-427D-9C46-30A0F0E4C058}.Release|Any CPU.Build.0 = Release|Any CPU
		{DA054E07-5DC7-4F72-9586-7AF31A43426C}.Debug|Any CPU.ActiveCfg = Debug|Any CPU
		{DA054E07-5DC7-4F72-9586-7AF31A43426C}.Debug|Any CPU.Build.0 = Debug|Any CPU
		{DA054E07-5DC7-4F72-9586-7AF31A43426C}.Release|Any CPU.ActiveCfg = Release|Any CPU
		{DA054E07-5DC7-4F72-9586-7AF31A43426C}.Release|Any CPU.Build.0 = Release|Any CPU
	EndGlobalSection
	GlobalSection(SolutionProperties) = preSolution
		HideSolutionNode = FALSE
	EndGlobalSection
EndGlobal
